PODS:
  - ALRadioButtons (1.1.0)
  - GoogleMaps (4.2.0):
    - GoogleMaps/Maps (= 4.2.0)
  - GoogleMaps/Base (4.2.0)
  - GoogleMaps/Maps (4.2.0):
    - GoogleMaps/Base
  - SnapKit (5.0.1)

DEPENDENCIES:
  - ALRadioButtons
  - GoogleMaps (~> 4.2.0)
  - SnapKit (~> 5.0.0)

SPEC REPOS:
  trunk:
    - ALRadioButtons
    - GoogleMaps
    - SnapKit

SPEC CHECKSUMS:
  ALRadioButtons: 00aaf4d6746d3947153b24b1c1be416ed9be49f0
  GoogleMaps: eb03e327edfd70b06de1e6e321653f73712df7ad
  SnapKit: 97b92857e3df3a0c71833cce143274bf6ef8e5eb

PODFILE CHECKSUM: 2dad8310833fb0532f525131ad859f3a61e9d723

COCOAPODS: 1.10.1
